[[package]]
name = "aiosqlite"
version = "0.17.0"
description = "asyncio bridge to the standard sqlite3 module"
category = "main"
optional = false
python-versions = ">=3.6"

[package.dependencies]
typing_extensions = ">=3.7.2"

[[package]]
name = "anyio"
version = "3.6.2"
description = "High level compatibility layer for multiple asynchronous event loop implementations"
category = "main"
optional = false
python-versions = ">=3.6.2"

[package.dependencies]
idna = ">=2.8"
sniffio = ">=1.1"

[package.extras]
doc = ["packaging", "sphinx-autodoc-typehints (>=1.2.0)", "sphinx-rtd-theme"]
test = ["contextlib2", "coverage[toml] (>=4.5)", "hypothesis (>=4.0)", "mock (>=4)", "pytest (>=7.0)", "pytest-mock (>=3.6.1)", "trustme", "uvloop (<0.15)", "uvloop (>=0.15)"]
trio = ["trio (>=0.16,<0.22)"]

[[package]]
name = "asyncpg"
version = "0.27.0"
description = "An asyncio PostgreSQL driver"
category = "main"
optional = false
python-versions = ">=3.7.0"

[package.extras]
dev = ["Cython (>=0.29.24,<0.30.0)", "Sphinx (>=4.1.2,<4.2.0)", "flake8 (>=5.0.4,<5.1.0)", "pytest (>=6.0)", "sphinx-rtd-theme (>=0.5.2,<0.6.0)", "sphinxcontrib-asyncio (>=0.3.0,<0.4.0)", "uvloop (>=0.15.3)"]
docs = ["Sphinx (>=4.1.2,<4.2.0)", "sphinx-rtd-theme (>=0.5.2,<0.6.0)", "sphinxcontrib-asyncio (>=0.3.0,<0.4.0)"]
test = ["flake8 (>=5.0.4,<5.1.0)", "uvloop (>=0.15.3)"]

[[package]]
name = "backports.zoneinfo"
version = "0.2.1"
description = "Backport of the standard library zoneinfo module"
category = "main"
optional = false
python-versions = ">=3.6"

[package.extras]
tzdata = ["tzdata"]

[[package]]
name = "click"
version = "8.1.3"
description = "Composable command line interface toolkit"
category = "main"
optional = false
python-versions = ">=3.7"

[package.dependencies]
colorama = {version = "*", markers = "platform_system == \"Windows\""}

[[package]]
name = "colorama"
version = "0.4.6"
description = "Cross-platform colored terminal text."
category = "main"
optional = false
python-versions = "!=3.0.*,!=3.1.*,!=3.2.*,!=3.3.*,!=3.4.*,!=3.5.*,!=3.6.*,>=2.7"

[[package]]
name = "dateparser"
version = "1.1.3"
description = "Date parsing library designed to parse dates from HTML pages"
category = "main"
optional = false
python-versions = ">=3.5"

[package.dependencies]
python-dateutil = "*"
pytz = "*"
regex = "<2019.02.19 || >2019.02.19,<2021.8.27 || >2021.8.27,<2022.3.15"
tzlocal = "*"

[package.extras]
calendars = ["convertdate", "convertdate", "hijri-converter"]
fasttext = ["fasttext"]
langdetect = ["langdetect"]

[[package]]
name = "fastapi"
version = "0.87.0"
description = "FastAPI framework, high performance, easy to learn, fast to code, ready for production"
category = "main"
optional = false
python-versions = ">=3.7"

[package.dependencies]
pydantic = ">=1.6.2,<1.7 || >1.7,<1.7.1 || >1.7.1,<1.7.2 || >1.7.2,<1.7.3 || >1.7.3,<1.8 || >1.8,<1.8.1 || >1.8.1,<2.0.0"
starlette = "0.21.0"

[package.extras]
all = ["email-validator (>=1.1.1)", "httpx (>=0.23.0)", "itsdangerous (>=1.1.0)", "jinja2 (>=2.11.2)", "orjson (>=3.2.1)", "python-multipart (>=0.0.5)", "pyyaml (>=5.3.1)", "ujson (>=4.0.1,!=4.0.2,!=4.1.0,!=4.2.0,!=4.3.0,!=5.0.0,!=5.1.0)", "uvicorn[standard] (>=0.12.0)"]
dev = ["pre-commit (>=2.17.0,<3.0.0)", "ruff (==0.0.114)", "uvicorn[standard] (>=0.12.0,<0.19.0)"]
doc = ["mdx-include (>=1.4.1,<2.0.0)", "mkdocs (>=1.1.2,<2.0.0)", "mkdocs-markdownextradata-plugin (>=0.1.7,<0.3.0)", "mkdocs-material (>=8.1.4,<9.0.0)", "pyyaml (>=5.3.1,<7.0.0)", "typer[all] (>=0.6.1,<0.7.0)"]
test = ["anyio[trio] (>=3.2.1,<4.0.0)", "black (==22.8.0)", "coverage[toml] (>=6.5.0,<7.0)", "databases[sqlite] (>=0.3.2,<0.7.0)", "email-validator (>=1.1.1,<2.0.0)", "flask (>=1.1.2,<3.0.0)", "httpx (>=0.23.0,<0.24.0)", "isort (>=5.0.6,<6.0.0)", "mypy (==0.982)", "orjson (>=3.2.1,<4.0.0)", "passlib[bcrypt] (>=1.7.2,<2.0.0)", "peewee (>=3.13.3,<4.0.0)", "pytest (>=7.1.3,<8.0.0)", "python-jose[cryptography] (>=3.3.0,<4.0.0)", "python-multipart (>=0.0.5,<0.0.6)", "pyyaml (>=5.3.1,<7.0.0)", "ruff (==0.0.114)", "sqlalchemy (>=1.3.18,<=1.4.41)", "types-orjson (==3.6.2)", "types-ujson (==5.5.0)", "ujson (>=4.0.1,!=4.0.2,!=4.1.0,!=4.2.0,!=4.3.0,!=5.0.0,!=5.1.0,<6.0.0)"]

[[package]]
name = "h11"
version = "0.14.0"
description = "A pure-Python, bring-your-own-I/O implementation of HTTP/1.1"
category = "main"
optional = false
python-versions = ">=3.7"

[[package]]
name = "idna"
version = "3.4"
description = "Internationalized Domain Names in Applications (IDNA)"
category = "main"
optional = false
python-versions = ">=3.5"

[[package]]
name = "iso8601"
version = "1.1.0"
description = "Simple module to parse ISO 8601 dates"
category = "main"
optional = false
python-versions = ">=3.6.2,<4.0"

[[package]]
name = "Jinja2"
version = "3.1.2"
description = "A very fast and expressive template engine."
category = "main"
optional = false
python-versions = ">=3.7"

[package.dependencies]
MarkupSafe = ">=2.0"

[package.extras]
i18n = ["Babel (>=2.7)"]

[[package]]
name = "MarkupSafe"
version = "2.1.1"
description = "Safely add untrusted strings to HTML/XML markup."
category = "main"
optional = false
python-versions = ">=3.7"

[[package]]
name = "pydantic"
version = "1.10.2"
description = "Data validation and settings management using python type hints"
category = "main"
optional = false
python-versions = ">=3.7"

[package.dependencies]
typing-extensions = ">=4.1.0"

[package.extras]
dotenv = ["python-dotenv (>=0.10.4)"]
email = ["email-validator (>=1.0.3)"]

[[package]]
name = "pypika-tortoise"
version = "0.1.6"
description = "Forked from pypika and streamline just for tortoise-orm"
category = "main"
optional = false
python-versions = ">=3.7,<4.0"

[[package]]
name = "python-dateutil"
version = "2.8.2"
description = "Extensions to the standard Python datetime module"
category = "main"
optional = false
python-versions = "!=3.0.*,!=3.1.*,!=3.2.*,>=2.7"

[package.dependencies]
six = ">=1.5"

[[package]]
name = "python-decouple"
version = "3.6"
description = "Strict separation of settings from code."
category = "main"
optional = false
python-versions = "*"

[[package]]
name = "pytz"
version = "2022.6"
description = "World timezone definitions, modern and historical"
category = "main"
optional = false
python-versions = "*"

[[package]]
name = "pytz-deprecation-shim"
version = "0.1.0.post0"
description = "Shims to make deprecation of pytz easier"
category = "main"
optional = false
python-versions = "!=3.0.*,!=3.1.*,!=3.2.*,!=3.3.*,!=3.4.*,!=3.5.*,>=2.7"

[package.dependencies]
"backports.zoneinfo" = {version = "*", markers = "python_version >= \"3.6\" and python_version < \"3.9\""}
tzdata = {version = "*", markers = "python_version >= \"3.6\""}

[[package]]
name = "regex"
version = "2022.3.2"
description = "Alternative regular expression module, to replace re."
category = "main"
optional = false
python-versions = ">=3.6"

[[package]]
name = "six"
version = "1.16.0"
description = "Python 2 and 3 compatibility utilities"
category = "main"
optional = false
python-versions = ">=2.7, !=3.0.*, !=3.1.*, !=3.2.*"

[[package]]
name = "sniffio"
version = "1.3.0"
description = "Sniff out which async library your code is running under"
category = "main"
optional = false
python-versions = ">=3.7"

[[package]]
name = "starlette"
version = "0.21.0"
description = "The little ASGI library that shines."
category = "main"
optional = false
python-versions = ">=3.7"

[package.dependencies]
anyio = ">=3.4.0,<5"
typing-extensions = {version = ">=3.10.0", markers = "python_version < \"3.10\""}

[package.extras]
full = ["httpx (>=0.22.0)", "itsdangerous", "jinja2", "python-multipart", "pyyaml"]

[[package]]
name = "tortoise-orm"
version = "0.19.2"
description = "Easy async ORM for python, built with relations in mind"
category = "main"
optional = false
python-versions = ">=3.7,<4.0"

[package.dependencies]
aiosqlite = ">=0.16.0,<0.18.0"
iso8601 = ">=1.0.2,<2.0.0"
pypika-tortoise = ">=0.1.6,<0.2.0"
pytz = "*"

[package.extras]
accel = ["ciso8601", "orjson", "uvloop"]
aiomysql = ["aiomysql"]
asyncmy = ["asyncmy (>=0.2.5,<0.3.0)"]
asyncodbc = ["asyncodbc (>=0.1.1,<0.2.0)"]
asyncpg = ["asyncpg"]
psycopg = ["psycopg[binary,pool]"]

[[package]]
name = "typing-extensions"
version = "4.4.0"
description = "Backported and Experimental Type Hints for Python 3.7+"
category = "main"
optional = false
python-versions = ">=3.7"

[[package]]
name = "tzdata"
version = "2022.6"
description = "Provider of IANA time zone data"
category = "main"
optional = false
python-versions = ">=2"

[[package]]
name = "tzlocal"
version = "4.2"
description = "tzinfo object for the local timezone"
category = "main"
optional = false
python-versions = ">=3.6"

[package.dependencies]
"backports.zoneinfo" = {version = "*", markers = "python_version < \"3.9\""}
pytz-deprecation-shim = "*"
tzdata = {version = "*", markers = "platform_system == \"Windows\""}

[package.extras]
devenv = ["black", "pyroma", "pytest-cov", "zest.releaser"]
test = ["pytest (>=4.3)", "pytest-mock (>=3.3)"]

[[package]]
name = "uvicorn"
version = "0.19.0"
description = "The lightning-fast ASGI server."
category = "main"
optional = false
python-versions = ">=3.7"

[package.dependencies]
click = ">=7.0"
h11 = ">=0.8"

[package.extras]
standard = ["colorama (>=0.4)", "httptools (>=0.5.0)", "python-dotenv (>=0.13)", "pyyaml (>=5.1)", "uvloop (>=0.14.0,!=0.15.0,!=0.15.1)", "watchfiles (>=0.13)", "websockets (>=10.0)"]

[metadata]
lock-version = "1.1"
python-versions = "^3.8"
content-hash = "7822bc14cd5ccb7886aec9b8e2758b95d4ee345da42b0e7dc439f847ed174352"

[metadata.files]
aiosqlite = [
    {file = "aiosqlite-0.17.0-py3-none-any.whl", hash = "sha256:6c49dc6d3405929b1d08eeccc72306d3677503cc5e5e43771efc1e00232e8231"},
    {file = "aiosqlite-0.17.0.tar.gz", hash = "sha256:f0e6acc24bc4864149267ac82fb46dfb3be4455f99fe21df82609cc6e6baee51"},
]
anyio = [
    {file = "anyio-3.6.2-py3-none-any.whl", hash = "sha256:fbbe32bd270d2a2ef3ed1c5d45041250284e31fc0a4df4a5a6071842051a51e3"},
    {file = "anyio-3.6.2.tar.gz", hash = "sha256:25ea0d673ae30af41a0c442f81cf3b38c7e79fdc7b60335a4c14e05eb0947421"},
]
asyncpg = [
    {file = "asyncpg-0.27.0-cp310-cp310-macosx_10_9_x86_64.whl", hash = "sha256:fca608d199ffed4903dce1bcd97ad0fe8260f405c1c225bdf0002709132171c2"},
    {file = "asyncpg-0.27.0-cp310-cp310-macosx_11_0_arm64.whl", hash = "sha256:20b596d8d074f6f695c13ffb8646d0b6bb1ab570ba7b0cfd349b921ff03cfc1e"},
    {file = "asyncpg-0.27.0-cp310-cp310-manylinux_2_17_aarch64.manylinux2014_aarch64.manylinux_2_28_aarch64.whl", hash = "sha256:7a6206210c869ebd3f4eb9e89bea132aefb56ff3d1b7dd7e26b102b17e27bbb1"},
    {file = "asyncpg-0.27.0-cp310-cp310-manylinux_2_17_x86_64.manylinux2014_x86_64.manylinux_2_28_x86_64.whl", hash = "sha256:a7a94c03386bb95456b12c66026b3a87d1b965f0f1e5733c36e7229f8f137747"},
    {file = "asyncpg-0.27.0-cp310-cp310-musllinux_1_1_aarch64.whl", hash = "sha256:bfc3980b4ba6f97138b04f0d32e8af21d6c9fa1f8e6e140c07d15690a0a99279"},
    {file = "asyncpg-0.27.0-cp310-cp310-musllinux_1_1_x86_64.whl", hash = "sha256:9654085f2b22f66952124de13a8071b54453ff972c25c59b5ce1173a4283ffd9"},
    {file = "asyncpg-0.27.0-cp310-cp310-win32.whl", hash = "sha256:879c29a75969eb2722f94443752f4720d560d1e748474de54ae8dd230bc4956b"},
    {file = "asyncpg-0.27.0-cp310-cp310-win_amd64.whl", hash = "sha256:ab0f21c4818d46a60ca789ebc92327d6d874d3b7ccff3963f7af0a21dc6cff52"},
    {file = "asyncpg-0.27.0-cp311-cp311-macosx_10_9_x86_64.whl", hash = "sha256:18f77e8e71e826ba2d0c3ba6764930776719ae2b225ca07e014590545928b576"},
    {file = "asyncpg-0.27.0-cp311-cp311-macosx_11_0_arm64.whl", hash = "sha256:c2232d4625c558f2aa001942cac1d7952aa9f0dbfc212f63bc754277769e1ef2"},
    {file = "asyncpg-0.27.0-cp311-cp311-manylinux_2_17_aarch64.manylinux2014_aarch64.manylinux_2_28_aarch64.whl", hash = "sha256:9a3a4ff43702d39e3c97a8786314123d314e0f0e4dabc8367db5b665c93914de"},
    {file = "asyncpg-0.27.0-cp311-cp311-manylinux_2_17_x86_64.manylinux2014_x86_64.manylinux_2_28_x86_64.whl", hash = "sha256:ccddb9419ab4e1c48742457d0c0362dbdaeb9b28e6875115abfe319b29ee225d"},
    {file = "asyncpg-0.27.0-cp311-cp311-musllinux_1_1_aarch64.whl", hash = "sha256:768e0e7c2898d40b16d4ef7a0b44e8150db3dd8995b4652aa1fe2902e92c7df8"},
    {file = "asyncpg-0.27.0-cp311-cp311-musllinux_1_1_x86_64.whl", hash = "sha256:609054a1f47292a905582a1cfcca51a6f3f30ab9d822448693e66fdddde27920"},
    {file = "asyncpg-0.27.0-cp311-cp311-win32.whl", hash = "sha256:8113e17cfe236dc2277ec844ba9b3d5312f61bd2fdae6d3ed1c1cdd75f6cf2d8"},
    {file = "asyncpg-0.27.0-cp311-cp311-win_amd64.whl", hash = "sha256:bb71211414dd1eeb8d31ec529fe77cff04bf53efc783a5f6f0a32d84923f45cf"},
    {file = "asyncpg-0.27.0-cp37-cp37m-manylinux_2_17_aarch64.manylinux2014_aarch64.manylinux_2_28_aarch64.whl", hash = "sha256:4750f5cf49ed48a6e49c6e5aed390eee367694636c2dcfaf4a273ca832c5c43c"},
    {file = "asyncpg-0.27.0-cp37-cp37m-musllinux_1_1_aarch64.whl", hash = "sha256:eca01eb112a39d31cc4abb93a5aef2a81514c23f70956729f42fb83b11b3483f"},
    {file = "asyncpg-0.27.0-cp37-cp37m-musllinux_1_1_x86_64.whl", hash = "sha256:5710cb0937f696ce303f5eed6d272e3f057339bb4139378ccecafa9ee923a71c"},
    {file = "asyncpg-0.27.0-cp37-cp37m-win_amd64.whl", hash = "sha256:71cca80a056ebe19ec74b7117b09e650990c3ca535ac1c35234a96f65604192f"},
    {file = "asyncpg-0.27.0-cp38-cp38-macosx_11_0_arm64.whl", hash = "sha256:4bb366ae34af5b5cabc3ac6a5347dfb6013af38c68af8452f27968d49085ecc0"},
    {file = "asyncpg-0.27.0-cp38-cp38-manylinux_2_17_aarch64.manylinux2014_aarch64.manylinux_2_28_aarch64.whl", hash = "sha256:16ba8ec2e85d586b4a12bcd03e8d29e3d99e832764d6a1d0b8c27dbbe4a2569d"},
    {file = "asyncpg-0.27.0-cp38-cp38-manylinux_2_17_x86_64.manylinux2014_x86_64.manylinux_2_28_x86_64.whl", hash = "sha256:d20dea7b83651d93b1eb2f353511fe7fd554752844523f17ad30115d8b9c8cd6"},
    {file = "asyncpg-0.27.0-cp38-cp38-musllinux_1_1_aarch64.whl", hash = "sha256:e56ac8a8237ad4adec97c0cd4728596885f908053ab725e22900b5902e7f8e69"},
    {file = "asyncpg-0.27.0-cp38-cp38-musllinux_1_1_x86_64.whl", hash = "sha256:bf21ebf023ec67335258e0f3d3ad7b91bb9507985ba2b2206346de488267cad0"},
    {file = "asyncpg-0.27.0-cp38-cp38-win32.whl", hash = "sha256:69aa1b443a182b13a17ff926ed6627af2d98f62f2fe5890583270cc4073f63bf"},
    {file = "asyncpg-0.27.0-cp38-cp38-win_amd64.whl", hash = "sha256:62932f29cf2433988fcd799770ec64b374a3691e7902ecf85da14d5e0854d1ea"},
    {file = "asyncpg-0.27.0-cp39-cp39-macosx_10_9_x86_64.whl", hash = "sha256:fddcacf695581a8d856654bc4c8cfb73d5c9df26d5f55201722d3e6a699e9629"},
    {file = "asyncpg-0.27.0-cp39-cp39-macosx_11_0_arm64.whl", hash = "sha256:7d8585707ecc6661d07367d444bbaa846b4e095d84451340da8df55a3757e152"},
    {file = "asyncpg-0.27.0-cp39-cp39-manylinux_2_17_aarch64.manylinux2014_aarch64.manylinux_2_28_aarch64.whl", hash = "sha256:975a320baf7020339a67315284a4d3bf7460e664e484672bd3e71dbd881bc692"},
    {file = "asyncpg-0.27.0-cp39-cp39-manylinux_2_17_x86_64.manylinux2014_x86_64.manylinux_2_28_x86_64.whl", hash = "sha256:2232ebae9796d4600a7819fc383da78ab51b32a092795f4555575fc934c1c89d"},
    {file = "asyncpg-0.27.0-cp39-cp39-musllinux_1_1_aarch64.whl", hash = "sha256:88b62164738239f62f4af92567b846a8ef7cf8abf53eddd83650603de4d52163"},
    {file = "asyncpg-0.27.0-cp39-cp39-musllinux_1_1_x86_64.whl", hash = "sha256:eb4b2fdf88af4fb1cc569781a8f933d2a73ee82cd720e0cb4edabbaecf2a905b"},
    {file = "asyncpg-0.27.0-cp39-cp39-win32.whl", hash = "sha256:8934577e1ed13f7d2d9cea3cc016cc6f95c19faedea2c2b56a6f94f257cea672"},
    {file = "asyncpg-0.27.0-cp39-cp39-win_amd64.whl", hash = "sha256:1b6499de06fe035cf2fa932ec5617ed3f37d4ebbf663b655922e105a484a6af9"},
    {file = "asyncpg-0.27.0.tar.gz", hash = "sha256:720986d9a4705dd8a40fdf172036f5ae787225036a7eb46e704c45aa8f62c054"},
]
"backports.zoneinfo" = [
    {file = "backports.zoneinfo-0.2.1-cp36-cp36m-macosx_10_14_x86_64.whl", hash = "sha256:da6013fd84a690242c310d77ddb8441a559e9cb3d3d59ebac9aca1a57b2e18bc"},
    {file = "backports.zoneinfo-0.2.1-cp36-cp36m-manylinux1_i686.whl", hash = "sha256:89a48c0d158a3cc3f654da4c2de1ceba85263fafb861b98b59040a5086259722"},
    {file = "backports.zoneinfo-0.2.1-cp36-cp36m-manylinux1_x86_64.whl", hash = "sha256:1c5742112073a563c81f786e77514969acb58649bcdf6cdf0b4ed31a348d4546"},
    {file = "backports.zoneinfo-0.2.1-cp36-cp36m-win32.whl", hash = "sha256:e8236383a20872c0cdf5a62b554b27538db7fa1bbec52429d8d106effbaeca08"},
    {file = "backports.zoneinfo-0.2.1-cp36-cp36m-win_amd64.whl", hash = "sha256:8439c030a11780786a2002261569bdf362264f605dfa4d65090b64b05c9f79a7"},
    {file = "backports.zoneinfo-0.2.1-cp37-cp37m-macosx_10_14_x86_64.whl", hash = "sha256:f04e857b59d9d1ccc39ce2da1021d196e47234873820cbeaad210724b1ee28ac"},
    {file = "backports.zoneinfo-0.2.1-cp37-cp37m-manylinux1_i686.whl", hash = "sha256:17746bd546106fa389c51dbea67c8b7c8f0d14b5526a579ca6ccf5ed72c526cf"},
    {file = "backports.zoneinfo-0.2.1-cp37-cp37m-manylinux1_x86_64.whl", hash = "sha256:5c144945a7752ca544b4b78c8c41544cdfaf9786f25fe5ffb10e838e19a27570"},
    {file = "backports.zoneinfo-0.2.1-cp37-cp37m-win32.whl", hash = "sha256:e55b384612d93be96506932a786bbcde5a2db7a9e6a4bb4bffe8b733f5b9036b"},
    {file = "backports.zoneinfo-0.2.1-cp37-cp37m-win_amd64.whl", hash = "sha256:a76b38c52400b762e48131494ba26be363491ac4f9a04c1b7e92483d169f6582"},
    {file = "backports.zoneinfo-0.2.1-cp38-cp38-macosx_10_14_x86_64.whl", hash = "sha256:8961c0f32cd0336fb8e8ead11a1f8cd99ec07145ec2931122faaac1c8f7fd987"},
    {file = "backports.zoneinfo-0.2.1-cp38-cp38-manylinux1_i686.whl", hash = "sha256:e81b76cace8eda1fca50e345242ba977f9be6ae3945af8d46326d776b4cf78d1"},
    {file = "backports.zoneinfo-0.2.1-cp38-cp38-manylinux1_x86_64.whl", hash = "sha256:7b0a64cda4145548fed9efc10322770f929b944ce5cee6c0dfe0c87bf4c0c8c9"},
    {file = "backports.zoneinfo-0.2.1-cp38-cp38-win32.whl", hash = "sha256:1b13e654a55cd45672cb54ed12148cd33628f672548f373963b0bff67b217328"},
    {file = "backports.zoneinfo-0.2.1-cp38-cp38-win_amd64.whl", hash = "sha256:4a0f800587060bf8880f954dbef70de6c11bbe59c673c3d818921f042f9954a6"},
    {file = "backports.zoneinfo-0.2.1.tar.gz", hash = "sha256:fadbfe37f74051d024037f223b8e001611eac868b5c5b06144ef4d8b799862f2"},
]
click = [
    {file = "click-8.1.3-py3-none-any.whl", hash = "sha256:bb4d8133cb15a609f44e8213d9b391b0809795062913b383c62be0ee95b1db48"},
    {file = "click-8.1.3.tar.gz", hash = "sha256:7682dc8afb30297001674575ea00d1814d808d6a36af415a82bd481d37ba7b8e"},
]
colorama = [
    {file = "colorama-0.4.6-py2.py3-none-any.whl", hash = "sha256:4f1d9991f5acc0ca119f9d443620b77f9d6b33703e51011c16baf57afb285fc6"},
    {file = "colorama-0.4.6.tar.gz", hash = "sha256:08695f5cb7ed6e0531a20572697297273c47b8cae5a63ffc6d6ed5c201be6e44"},
]
dateparser = [
    {file = "dateparser-1.1.3-py2.py3-none-any.whl", hash = "sha256:711f7eef6d431225bec56c00e386af3f6a47083276253375bdae1ae6c8d23d4a"},
    {file = "dateparser-1.1.3.tar.gz", hash = "sha256:ae7a7de30f26983d09fff802c1f9d35d54e1c11d7ab52ae904a1f3fc037ecba5"},
]
fastapi = [
    {file = "fastapi-0.87.0-py3-none-any.whl", hash = "sha256:254453a2e22f64e2a1b4e1d8baf67d239e55b6c8165c079d25746a5220c81bb4"},
    {file = "fastapi-0.87.0.tar.gz", hash = "sha256:07032e53df9a57165047b4f38731c38bdcc3be5493220471015e2b4b51b486a4"},
]
h11 = [
    {file = "h11-0.14.0-py3-none-any.whl", hash = "sha256:e3fe4ac4b851c468cc8363d500db52c2ead036020723024a109d37346efaa761"},
    {file = "h11-0.14.0.tar.gz", hash = "sha256:8f19fbbe99e72420ff35c00b27a34cb9937e902a8b810e2c88300c6f0a3b699d"},
]
idna = [
    {file = "idna-3.4-py3-none-any.whl", hash = "sha256:90b77e79eaa3eba6de819a0c442c0b4ceefc341a7a2ab77d7562bf49f425c5c2"},
    {file = "idna-3.4.tar.gz", hash = "sha256:814f528e8dead7d329833b91c5faa87d60bf71824cd12a7530b5526063d02cb4"},
]
iso8601 = [
    {file = "iso8601-1.1.0-py3-none-any.whl", hash = "sha256:8400e90141bf792bce2634df533dc57e3bee19ea120a87bebcd3da89a58ad73f"},
    {file = "iso8601-1.1.0.tar.gz", hash = "sha256:32811e7b81deee2063ea6d2e94f8819a86d1f3811e49d23623a41fa832bef03f"},
]
Jinja2 = [
    {file = "Jinja2-3.1.2-py3-none-any.whl", hash = "sha256:6088930bfe239f0e6710546ab9c19c9ef35e29792895fed6e6e31a023a182a61"},
    {file = "Jinja2-3.1.2.tar.gz", hash = "sha256:31351a702a408a9e7595a8fc6150fc3f43bb6bf7e319770cbc0db9df9437e852"},
]
MarkupSafe = [
    {file = "MarkupSafe-2.1.1-cp310-cp310-macosx_10_9_universal2.whl", hash = "sha256:86b1f75c4e7c2ac2ccdaec2b9022845dbb81880ca318bb7a0a01fbf7813e3812"},
    {file = "MarkupSafe-2.1.1-cp310-cp310-macosx_10_9_x86_64.whl", hash = "sha256:f121a1420d4e173a5d96e47e9a0c0dcff965afdf1626d28de1460815f7c4ee7a"},
    {file = "MarkupSafe-2.1.1-cp310-cp310-manylinux_2_17_aarch64.manylinux2014_aarch64.whl", hash = "sha256:a49907dd8420c5685cfa064a1335b6754b74541bbb3706c259c02ed65b644b3e"},
    {file = "MarkupSafe-2.1.1-cp310-cp310-manylinux_2_17_x86_64.manylinux2014_x86_64.whl", hash = "sha256:10c1bfff05d95783da83491be968e8fe789263689c02724e0c691933c52994f5"},
    {file = "MarkupSafe-2.1.1-cp310-cp310-manylinux_2_5_i686.manylinux1_i686.manylinux_2_17_i686.manylinux2014_i686.whl", hash = "sha256:b7bd98b796e2b6553da7225aeb61f447f80a1ca64f41d83612e6139ca5213aa4"},
    {file = "MarkupSafe-2.1.1-cp310-cp310-musllinux_1_1_aarch64.whl", hash = "sha256:b09bf97215625a311f669476f44b8b318b075847b49316d3e28c08e41a7a573f"},
    {file = "MarkupSafe-2.1.1-cp310-cp310-musllinux_1_1_i686.whl", hash = "sha256:694deca8d702d5db21ec83983ce0bb4b26a578e71fbdbd4fdcd387daa90e4d5e"},
    {file = "MarkupSafe-2.1.1-cp310-cp310-musllinux_1_1_x86_64.whl", hash = "sha256:efc1913fd2ca4f334418481c7e595c00aad186563bbc1ec76067848c7ca0a933"},
    {file = "MarkupSafe-2.1.1-cp310-cp310-win32.whl", hash = "sha256:4a33dea2b688b3190ee12bd7cfa29d39c9ed176bda40bfa11099a3ce5d3a7ac6"},
    {file = "MarkupSafe-2.1.1-cp310-cp310-win_amd64.whl", hash = "sha256:dda30ba7e87fbbb7eab1ec9f58678558fd9a6b8b853530e176eabd064da81417"},
    {file = "MarkupSafe-2.1.1-cp37-cp37m-macosx_10_9_x86_64.whl", hash = "sha256:671cd1187ed5e62818414afe79ed29da836dde67166a9fac6d435873c44fdd02"},
    {file = "MarkupSafe-2.1.1-cp37-cp37m-manylinux_2_17_aarch64.manylinux2014_aarch64.whl", hash = "sha256:3799351e2336dc91ea70b034983ee71cf2f9533cdff7c14c90ea126bfd95d65a"},
    {file = "MarkupSafe-2.1.1-cp37-cp37m-manylinux_2_17_x86_64.manylinux2014_x86_64.whl", hash = "sha256:e72591e9ecd94d7feb70c1cbd7be7b3ebea3f548870aa91e2732960fa4d57a37"},
    {file = "MarkupSafe-2.1.1-cp37-cp37m-manylinux_2_5_i686.manylinux1_i686.manylinux_2_17_i686.manylinux2014_i686.whl", hash = "sha256:6fbf47b5d3728c6aea2abb0589b5d30459e369baa772e0f37a0320185e87c980"},
    {file = "MarkupSafe-2.1.1-cp37-cp37m-musllinux_1_1_aarch64.whl", hash = "sha256:d5ee4f386140395a2c818d149221149c54849dfcfcb9f1debfe07a8b8bd63f9a"},
    {file = "MarkupSafe-2.1.1-cp37-cp37m-musllinux_1_1_i686.whl", hash = "sha256:bcb3ed405ed3222f9904899563d6fc492ff75cce56cba05e32eff40e6acbeaa3"},
    {file = "MarkupSafe-2.1.1-cp37-cp37m-musllinux_1_1_x86_64.whl", hash = "sha256:e1c0b87e09fa55a220f058d1d49d3fb8df88fbfab58558f1198e08c1e1de842a"},
    {file = "MarkupSafe-2.1.1-cp37-cp37m-win32.whl", hash = "sha256:8dc1c72a69aa7e082593c4a203dcf94ddb74bb5c8a731e4e1eb68d031e8498ff"},
    {file = "MarkupSafe-2.1.1-cp37-cp37m-win_amd64.whl", hash = "sha256:97a68e6ada378df82bc9f16b800ab77cbf4b2fada0081794318520138c088e4a"},
    {file = "MarkupSafe-2.1.1-cp38-cp38-macosx_10_9_universal2.whl", hash = "sha256:e8c843bbcda3a2f1e3c2ab25913c80a3c5376cd00c6e8c4a86a89a28c8dc5452"},
    {file = "MarkupSafe-2.1.1-cp38-cp38-macosx_10_9_x86_64.whl", hash = "sha256:0212a68688482dc52b2d45013df70d169f542b7394fc744c02a57374a4207003"},
    {file = "MarkupSafe-2.1.1-cp38-cp38-manylinux_2_17_aarch64.manylinux2014_aarch64.whl", hash = "sha256:8e576a51ad59e4bfaac456023a78f6b5e6e7651dcd383bcc3e18d06f9b55d6d1"},
    {file = "MarkupSafe-2.1.1-cp38-cp38-manylinux_2_17_x86_64.manylinux2014_x86_64.whl", hash = "sha256:4b9fe39a2ccc108a4accc2676e77da025ce383c108593d65cc909add5c3bd601"},
    {file = "MarkupSafe-2.1.1-cp38-cp38-manylinux_2_5_i686.manylinux1_i686.manylinux_2_17_i686.manylinux2014_i686.whl", hash = "sha256:96e37a3dc86e80bf81758c152fe66dbf60ed5eca3d26305edf01892257049925"},
    {file = "MarkupSafe-2.1.1-cp38-cp38-musllinux_1_1_aarch64.whl", hash = "sha256:6d0072fea50feec76a4c418096652f2c3238eaa014b2f94aeb1d56a66b41403f"},
    {file = "MarkupSafe-2.1.1-cp38-cp38-musllinux_1_1_i686.whl", hash = "sha256:089cf3dbf0cd6c100f02945abeb18484bd1ee57a079aefd52cffd17fba910b88"},
    {file = "MarkupSafe-2.1.1-cp38-cp38-musllinux_1_1_x86_64.whl", hash = "sha256:6a074d34ee7a5ce3effbc526b7083ec9731bb3cbf921bbe1d3005d4d2bdb3a63"},
    {file = "MarkupSafe-2.1.1-cp38-cp38-win32.whl", hash = "sha256:421be9fbf0ffe9ffd7a378aafebbf6f4602d564d34be190fc19a193232fd12b1"},
    {file = "MarkupSafe-2.1.1-cp38-cp38-win_amd64.whl", hash = "sha256:fc7b548b17d238737688817ab67deebb30e8073c95749d55538ed473130ec0c7"},
    {file = "MarkupSafe-2.1.1-cp39-cp39-macosx_10_9_universal2.whl", hash = "sha256:e04e26803c9c3851c931eac40c695602c6295b8d432cbe78609649ad9bd2da8a"},
    {file = "MarkupSafe-2.1.1-cp39-cp39-macosx_10_9_x86_64.whl", hash = "sha256:b87db4360013327109564f0e591bd2a3b318547bcef31b468a92ee504d07ae4f"},
    {file = "MarkupSafe-2.1.1-cp39-cp39-manylinux_2_17_aarch64.manylinux2014_aarch64.whl", hash = "sha256:99a2a507ed3ac881b975a2976d59f38c19386d128e7a9a18b7df6fff1fd4c1d6"},
    {file = "MarkupSafe-2.1.1-cp39-cp39-manylinux_2_17_x86_64.manylinux2014_x86_64.whl", hash = "sha256:56442863ed2b06d19c37f94d999035e15ee982988920e12a5b4ba29b62ad1f77"},
    {file = "MarkupSafe-2.1.1-cp39-cp39-manylinux_2_5_i686.manylinux1_i686.manylinux_2_17_i686.manylinux2014_i686.whl", hash = "sha256:3ce11ee3f23f79dbd06fb3d63e2f6af7b12db1d46932fe7bd8afa259a5996603"},
    {file = "MarkupSafe-2.1.1-cp39-cp39-musllinux_1_1_aarch64.whl", hash = "sha256:33b74d289bd2f5e527beadcaa3f401e0df0a89927c1559c8566c066fa4248ab7"},
    {file = "MarkupSafe-2.1.1-cp39-cp39-musllinux_1_1_i686.whl", hash = "sha256:43093fb83d8343aac0b1baa75516da6092f58f41200907ef92448ecab8825135"},
    {file = "MarkupSafe-2.1.1-cp39-cp39-musllinux_1_1_x86_64.whl", hash = "sha256:8e3dcf21f367459434c18e71b2a9532d96547aef8a871872a5bd69a715c15f96"},
    {file = "MarkupSafe-2.1.1-cp39-cp39-win32.whl", hash = "sha256:d4306c36ca495956b6d568d276ac11fdd9c30a36f1b6eb928070dc5360b22e1c"},
    {file = "MarkupSafe-2.1.1-cp39-cp39-win_amd64.whl", hash = "sha256:46d00d6cfecdde84d40e572d63735ef81423ad31184100411e6e3388d405e247"},
    {file = "MarkupSafe-2.1.1.tar.gz", hash = "sha256:7f91197cc9e48f989d12e4e6fbc46495c446636dfc81b9ccf50bb0ec74b91d4b"},
]
pydantic = [
    {file = "pydantic-1.10.2-cp310-cp310-macosx_10_9_x86_64.whl", hash = "sha256:bb6ad4489af1bac6955d38ebcb95079a836af31e4c4f74aba1ca05bb9f6027bd"},
    {file = "pydantic-1.10.2-cp310-cp310-macosx_11_0_arm64.whl", hash = "sha256:a1f5a63a6dfe19d719b1b6e6106561869d2efaca6167f84f5ab9347887d78b98"},
    {file = "pydantic-1.10.2-cp310-cp310-manylinux_2_17_x86_64.manylinux2014_x86_64.whl", hash = "sha256:352aedb1d71b8b0736c6d56ad2bd34c6982720644b0624462059ab29bd6e5912"},
    {file = "pydantic-1.10.2-cp310-cp310-manylinux_2_5_i686.manylinux1_i686.manylinux_2_17_i686.manylinux2014_i686.whl", hash = "sha256:19b3b9ccf97af2b7519c42032441a891a5e05c68368f40865a90eb88833c2559"},
    {file = "pydantic-1.10.2-cp310-cp310-musllinux_1_1_i686.whl", hash = "sha256:e9069e1b01525a96e6ff49e25876d90d5a563bc31c658289a8772ae186552236"},
    {file = "pydantic-1.10.2-cp310-cp310-musllinux_1_1_x86_64.whl", hash = "sha256:355639d9afc76bcb9b0c3000ddcd08472ae75318a6eb67a15866b87e2efa168c"},
    {file = "pydantic-1.10.2-cp310-cp310-win_amd64.whl", hash = "sha256:ae544c47bec47a86bc7d350f965d8b15540e27e5aa4f55170ac6a75e5f73b644"},
    {file = "pydantic-1.10.2-cp311-cp311-macosx_10_9_x86_64.whl", hash = "sha256:a4c805731c33a8db4b6ace45ce440c4ef5336e712508b4d9e1aafa617dc9907f"},
    {file = "pydantic-1.10.2-cp311-cp311-macosx_11_0_arm64.whl", hash = "sha256:d49f3db871575e0426b12e2f32fdb25e579dea16486a26e5a0474af87cb1ab0a"},
    {file = "pydantic-1.10.2-cp311-cp311-manylinux_2_17_x86_64.manylinux2014_x86_64.whl", hash = "sha256:37c90345ec7dd2f1bcef82ce49b6235b40f282b94d3eec47e801baf864d15525"},
    {file = "pydantic-1.10.2-cp311-cp311-manylinux_2_5_i686.manylinux1_i686.manylinux_2_17_i686.manylinux2014_i686.whl", hash = "sha256:7b5ba54d026c2bd2cb769d3468885f23f43710f651688e91f5fb1edcf0ee9283"},
    {file = "pydantic-1.10.2-cp311-cp311-musllinux_1_1_i686.whl", hash = "sha256:05e00dbebbe810b33c7a7362f231893183bcc4251f3f2ff991c31d5c08240c42"},
    {file = "pydantic-1.10.2-cp311-cp311-musllinux_1_1_x86_64.whl", hash = "sha256:2d0567e60eb01bccda3a4df01df677adf6b437958d35c12a3ac3e0f078b0ee52"},
    {file = "pydantic-1.10.2-cp311-cp311-win_amd64.whl", hash = "sha256:c6f981882aea41e021f72779ce2a4e87267458cc4d39ea990729e21ef18f0f8c"},
    {file = "pydantic-1.10.2-cp37-cp37m-macosx_10_9_x86_64.whl", hash = "sha256:c4aac8e7103bf598373208f6299fa9a5cfd1fc571f2d40bf1dd1955a63d6eeb5"},
    {file = "pydantic-1.10.2-cp37-cp37m-manylinux_2_17_x86_64.manylinux2014_x86_64.whl", hash = "sha256:81a7b66c3f499108b448f3f004801fcd7d7165fb4200acb03f1c2402da73ce4c"},
    {file = "pydantic-1.10.2-cp37-cp37m-manylinux_2_5_i686.manylinux1_i686.manylinux_2_17_i686.manylinux2014_i686.whl", hash = "sha256:bedf309630209e78582ffacda64a21f96f3ed2e51fbf3962d4d488e503420254"},
    {file = "pydantic-1.10.2-cp37-cp37m-musllinux_1_1_i686.whl", hash = "sha256:9300fcbebf85f6339a02c6994b2eb3ff1b9c8c14f502058b5bf349d42447dcf5"},
    {file = "pydantic-1.10.2-cp37-cp37m-musllinux_1_1_x86_64.whl", hash = "sha256:216f3bcbf19c726b1cc22b099dd409aa371f55c08800bcea4c44c8f74b73478d"},
    {file = "pydantic-1.10.2-cp37-cp37m-win_amd64.whl", hash = "sha256:dd3f9a40c16daf323cf913593083698caee97df2804aa36c4b3175d5ac1b92a2"},
    {file = "pydantic-1.10.2-cp38-cp38-macosx_10_9_x86_64.whl", hash = "sha256:b97890e56a694486f772d36efd2ba31612739bc6f3caeee50e9e7e3ebd2fdd13"},
    {file = "pydantic-1.10.2-cp38-cp38-macosx_11_0_arm64.whl", hash = "sha256:9cabf4a7f05a776e7793e72793cd92cc865ea0e83a819f9ae4ecccb1b8aa6116"},
    {file = "pydantic-1.10.2-cp38-cp38-manylinux_2_17_x86_64.manylinux2014_x86_64.whl", hash = "sha256:06094d18dd5e6f2bbf93efa54991c3240964bb663b87729ac340eb5014310624"},
    {file = "pydantic-1.10.2-cp38-cp38-manylinux_2_5_i686.manylinux1_i686.manylinux_2_17_i686.manylinux2014_i686.whl", hash = "sha256:cc78cc83110d2f275ec1970e7a831f4e371ee92405332ebfe9860a715f8336e1"},
    {file = "pydantic-1.10.2-cp38-cp38-musllinux_1_1_i686.whl", hash = "sha256:1ee433e274268a4b0c8fde7ad9d58ecba12b069a033ecc4645bb6303c062d2e9"},
    {file = "pydantic-1.10.2-cp38-cp38-musllinux_1_1_x86_64.whl", hash = "sha256:7c2abc4393dea97a4ccbb4ec7d8658d4e22c4765b7b9b9445588f16c71ad9965"},
    {file = "pydantic-1.10.2-cp38-cp38-win_amd64.whl", hash = "sha256:0b959f4d8211fc964772b595ebb25f7652da3f22322c007b6fed26846a40685e"},
    {file = "pydantic-1.10.2-cp39-cp39-macosx_10_9_x86_64.whl", hash = "sha256:c33602f93bfb67779f9c507e4d69451664524389546bacfe1bee13cae6dc7488"},
    {file = "pydantic-1.10.2-cp39-cp39-macosx_11_0_arm64.whl", hash = "sha256:5760e164b807a48a8f25f8aa1a6d857e6ce62e7ec83ea5d5c5a802eac81bad41"},
    {file = "pydantic-1.10.2-cp39-cp39-manylinux_2_17_x86_64.manylinux2014_x86_64.whl", hash = "sha256:6eb843dcc411b6a2237a694f5e1d649fc66c6064d02b204a7e9d194dff81eb4b"},
    {file = "pydantic-1.10.2-cp39-cp39-manylinux_2_5_i686.manylinux1_i686.manylinux_2_17_i686.manylinux2014_i686.whl", hash = "sha256:4b8795290deaae348c4eba0cebb196e1c6b98bdbe7f50b2d0d9a4a99716342fe"},
    {file = "pydantic-1.10.2-cp39-cp39-musllinux_1_1_i686.whl", hash = "sha256:e0bedafe4bc165ad0a56ac0bd7695df25c50f76961da29c050712596cf092d6d"},
    {file = "pydantic-1.10.2-cp39-cp39-musllinux_1_1_x86_64.whl", hash = "sha256:2e05aed07fa02231dbf03d0adb1be1d79cabb09025dd45aa094aa8b4e7b9dcda"},
    {file = "pydantic-1.10.2-cp39-cp39-win_amd64.whl", hash = "sha256:c1ba1afb396148bbc70e9eaa8c06c1716fdddabaf86e7027c5988bae2a829ab6"},
    {file = "pydantic-1.10.2-py3-none-any.whl", hash = "sha256:1b6ee725bd6e83ec78b1aa32c5b1fa67a3a65badddde3976bca5fe4568f27709"},
    {file = "pydantic-1.10.2.tar.gz", hash = "sha256:91b8e218852ef6007c2b98cd861601c6a09f1aa32bbbb74fab5b1c33d4a1e410"},
]
pypika-tortoise = [
    {file = "pypika-tortoise-0.1.6.tar.gz", hash = "sha256:d802868f479a708e3263724c7b5719a26ad79399b2a70cea065f4a4cadbebf36"},
    {file = "pypika_tortoise-0.1.6-py3-none-any.whl", hash = "sha256:2d68bbb7e377673743cff42aa1059f3a80228d411fbcae591e4465e173109fd8"},
]
python-dateutil = [
    {file = "python-dateutil-2.8.2.tar.gz", hash = "sha256:0123cacc1627ae19ddf3c27a5de5bd67ee4586fbdd6440d9748f8abb483d3e86"},
    {file = "python_dateutil-2.8.2-py2.py3-none-any.whl", hash = "sha256:961d03dc3453ebbc59dbdea9e4e11c5651520a876d0f4db161e8674aae935da9"},
]
python-decouple = [
    {file = "python-decouple-3.6.tar.gz", hash = "sha256:2838cdf77a5cf127d7e8b339ce14c25bceb3af3e674e039d4901ba16359968c7"},
    {file = "python_decouple-3.6-py3-none-any.whl", hash = "sha256:6cf502dc963a5c642ea5ead069847df3d916a6420cad5599185de6bab11d8c2e"},
]
pytz = [
    {file = "pytz-2022.6-py2.py3-none-any.whl", hash = "sha256:222439474e9c98fced559f1709d89e6c9cbf8d79c794ff3eb9f8800064291427"},
    {file = "pytz-2022.6.tar.gz", hash = "sha256:e89512406b793ca39f5971bc999cc538ce125c0e51c27941bef4568b460095e2"},
]
pytz-deprecation-shim = [
    {file = "pytz_deprecation_shim-0.1.0.post0-py2.py3-none-any.whl", hash = "sha256:8314c9692a636c8eb3bda879b9f119e350e93223ae83e70e80c31675a0fdc1a6"},
    {file = "pytz_deprecation_shim-0.1.0.post0.tar.gz", hash = "sha256:af097bae1b616dde5c5744441e2ddc69e74dfdcb0c263129610d85b87445a59d"},
]
regex = [
    {file = "regex-2022.3.2-cp310-cp310-macosx_10_9_x86_64.whl", hash = "sha256:ab69b4fe09e296261377d209068d52402fb85ef89dc78a9ac4a29a895f4e24a7"},
    {file = "regex-2022.3.2-cp310-cp310-macosx_11_0_arm64.whl", hash = "sha256:5bc5f921be39ccb65fdda741e04b2555917a4bced24b4df14eddc7569be3b493"},
    {file = "regex-2022.3.2-cp310-cp310-manylinux_2_17_aarch64.manylinux2014_aarch64.whl", hash = "sha256:43eba5c46208deedec833663201752e865feddc840433285fbadee07b84b464d"},
    {file = "regex-2022.3.2-cp310-cp310-manylinux_2_17_ppc64le.manylinux2014_ppc64le.whl", hash = "sha256:c68d2c04f7701a418ec2e5631b7f3552efc32f6bcc1739369c6eeb1af55f62e0"},
    {file = "regex-2022.3.2-cp310-cp310-manylinux_2_17_s390x.manylinux2014_s390x.whl", hash = "sha256:caa2734ada16a44ae57b229d45091f06e30a9a52ace76d7574546ab23008c635"},
    {file = "regex-2022.3.2-cp310-cp310-manylinux_2_17_x86_64.manylinux2014_x86_64.whl", hash = "sha256:ef806f684f17dbd6263d72a54ad4073af42b42effa3eb42b877e750c24c76f86"},
    {file = "regex-2022.3.2-cp310-cp310-manylinux_2_5_i686.manylinux1_i686.manylinux_2_17_i686.manylinux2014_i686.whl", hash = "sha256:be319f4eb400ee567b722e9ea63d5b2bb31464e3cf1b016502e3ee2de4f86f5c"},
    {file = "regex-2022.3.2-cp310-cp310-manylinux_2_5_x86_64.manylinux1_x86_64.manylinux_2_12_x86_64.manylinux2010_x86_64.whl", hash = "sha256:42bb37e2b2d25d958c25903f6125a41aaaa1ed49ca62c103331f24b8a459142f"},
    {file = "regex-2022.3.2-cp310-cp310-musllinux_1_1_aarch64.whl", hash = "sha256:fbc88d3ba402b5d041d204ec2449c4078898f89c4a6e6f0ed1c1a510ef1e221d"},
    {file = "regex-2022.3.2-cp310-cp310-musllinux_1_1_i686.whl", hash = "sha256:91e0f7e7be77250b808a5f46d90bf0032527d3c032b2131b63dee54753a4d729"},
    {file = "regex-2022.3.2-cp310-cp310-musllinux_1_1_ppc64le.whl", hash = "sha256:cb3652bbe6720786b9137862205986f3ae54a09dec8499a995ed58292bdf77c2"},
    {file = "regex-2022.3.2-cp310-cp310-musllinux_1_1_s390x.whl", hash = "sha256:878c626cbca3b649e14e972c14539a01191d79e58934e3f3ef4a9e17f90277f8"},
    {file = "regex-2022.3.2-cp310-cp310-musllinux_1_1_x86_64.whl", hash = "sha256:6df070a986fc064d865c381aecf0aaff914178fdf6874da2f2387e82d93cc5bd"},
    {file = "regex-2022.3.2-cp310-cp310-win32.whl", hash = "sha256:b549d851f91a4efb3e65498bd4249b1447ab6035a9972f7fc215eb1f59328834"},
    {file = "regex-2022.3.2-cp310-cp310-win_amd64.whl", hash = "sha256:8babb2b5751105dc0aef2a2e539f4ba391e738c62038d8cb331c710f6b0f3da7"},
    {file = "regex-2022.3.2-cp36-cp36m-macosx_10_9_x86_64.whl", hash = "sha256:1977bb64264815d3ef016625adc9df90e6d0e27e76260280c63eca993e3f455f"},
    {file = "regex-2022.3.2-cp36-cp36m-manylinux_2_17_aarch64.manylinux2014_aarch64.whl", hash = "sha256:1e73652057473ad3e6934944af090852a02590c349357b79182c1b681da2c772"},
    {file = "regex-2022.3.2-cp36-cp36m-manylinux_2_17_ppc64le.manylinux2014_ppc64le.whl", hash = "sha256:b22ff939a8856a44f4822da38ef4868bd3a9ade22bb6d9062b36957c850e404f"},
    {file = "regex-2022.3.2-cp36-cp36m-manylinux_2_17_s390x.manylinux2014_s390x.whl", hash = "sha256:878f5d649ba1db9f52cc4ef491f7dba2d061cdc48dd444c54260eebc0b1729b9"},
    {file = "regex-2022.3.2-cp36-cp36m-manylinux_2_17_x86_64.manylinux2014_x86_64.whl", hash = "sha256:0008650041531d0eadecc96a73d37c2dc4821cf51b0766e374cb4f1ddc4e1c14"},
    {file = "regex-2022.3.2-cp36-cp36m-manylinux_2_5_i686.manylinux1_i686.manylinux_2_17_i686.manylinux2014_i686.whl", hash = "sha256:06b1df01cf2aef3a9790858af524ae2588762c8a90e784ba00d003f045306204"},
    {file = "regex-2022.3.2-cp36-cp36m-manylinux_2_5_x86_64.manylinux1_x86_64.manylinux_2_12_x86_64.manylinux2010_x86_64.whl", hash = "sha256:57484d39447f94967e83e56db1b1108c68918c44ab519b8ecfc34b790ca52bf7"},
    {file = "regex-2022.3.2-cp36-cp36m-musllinux_1_1_aarch64.whl", hash = "sha256:74d86e8924835f863c34e646392ef39039405f6ce52956d8af16497af4064a30"},
    {file = "regex-2022.3.2-cp36-cp36m-musllinux_1_1_i686.whl", hash = "sha256:ae17fc8103f3b63345709d3e9654a274eee1c6072592aec32b026efd401931d0"},
    {file = "regex-2022.3.2-cp36-cp36m-musllinux_1_1_ppc64le.whl", hash = "sha256:5f92a7cdc6a0ae2abd184e8dfd6ef2279989d24c85d2c85d0423206284103ede"},
    {file = "regex-2022.3.2-cp36-cp36m-musllinux_1_1_s390x.whl", hash = "sha256:5dcc4168536c8f68654f014a3db49b6b4a26b226f735708be2054314ed4964f4"},
    {file = "regex-2022.3.2-cp36-cp36m-musllinux_1_1_x86_64.whl", hash = "sha256:1e30762ddddb22f7f14c4f59c34d3addabc789216d813b0f3e2788d7bcf0cf29"},
    {file = "regex-2022.3.2-cp36-cp36m-win32.whl", hash = "sha256:286ff9ec2709d56ae7517040be0d6c502642517ce9937ab6d89b1e7d0904f863"},
    {file = "regex-2022.3.2-cp36-cp36m-win_amd64.whl", hash = "sha256:d326ff80ed531bf2507cba93011c30fff2dd51454c85f55df0f59f2030b1687b"},
    {file = "regex-2022.3.2-cp37-cp37m-macosx_10_9_x86_64.whl", hash = "sha256:9d828c5987d543d052b53c579a01a52d96b86f937b1777bbfe11ef2728929357"},
    {file = "regex-2022.3.2-cp37-cp37m-manylinux_2_17_aarch64.manylinux2014_aarch64.whl", hash = "sha256:c87ac58b9baaf50b6c1b81a18d20eda7e2883aa9a4fb4f1ca70f2e443bfcdc57"},
    {file = "regex-2022.3.2-cp37-cp37m-manylinux_2_17_ppc64le.manylinux2014_ppc64le.whl", hash = "sha256:d6c2441538e4fadd4291c8420853431a229fcbefc1bf521810fbc2629d8ae8c2"},
    {file = "regex-2022.3.2-cp37-cp37m-manylinux_2_17_s390x.manylinux2014_s390x.whl", hash = "sha256:f3356afbb301ec34a500b8ba8b47cba0b44ed4641c306e1dd981a08b416170b5"},
    {file = "regex-2022.3.2-cp37-cp37m-manylinux_2_17_x86_64.manylinux2014_x86_64.whl", hash = "sha256:0d96eec8550fd2fd26f8e675f6d8b61b159482ad8ffa26991b894ed5ee19038b"},
    {file = "regex-2022.3.2-cp37-cp37m-manylinux_2_5_i686.manylinux1_i686.manylinux_2_17_i686.manylinux2014_i686.whl", hash = "sha256:cf668f26604e9f7aee9f8eaae4ca07a948168af90b96be97a4b7fa902a6d2ac1"},
    {file = "regex-2022.3.2-cp37-cp37m-manylinux_2_5_x86_64.manylinux1_x86_64.manylinux_2_12_x86_64.manylinux2010_x86_64.whl", hash = "sha256:0eb0e2845e81bdea92b8281a3969632686502565abf4a0b9e4ab1471c863d8f3"},
    {file = "regex-2022.3.2-cp37-cp37m-musllinux_1_1_aarch64.whl", hash = "sha256:87bc01226cd288f0bd9a4f9f07bf6827134dc97a96c22e2d28628e824c8de231"},
    {file = "regex-2022.3.2-cp37-cp37m-musllinux_1_1_i686.whl", hash = "sha256:09b4b6ccc61d4119342b26246ddd5a04accdeebe36bdfe865ad87a0784efd77f"},
    {file = "regex-2022.3.2-cp37-cp37m-musllinux_1_1_ppc64le.whl", hash = "sha256:9557545c10d52c845f270b665b52a6a972884725aa5cf12777374e18f2ea8960"},
    {file = "regex-2022.3.2-cp37-cp37m-musllinux_1_1_s390x.whl", hash = "sha256:0be0c34a39e5d04a62fd5342f0886d0e57592a4f4993b3f9d257c1f688b19737"},
    {file = "regex-2022.3.2-cp37-cp37m-musllinux_1_1_x86_64.whl", hash = "sha256:7b103dffb9f6a47ed7ffdf352b78cfe058b1777617371226c1894e1be443afec"},
    {file = "regex-2022.3.2-cp37-cp37m-win32.whl", hash = "sha256:f8169ec628880bdbca67082a9196e2106060a4a5cbd486ac51881a4df805a36f"},
    {file = "regex-2022.3.2-cp37-cp37m-win_amd64.whl", hash = "sha256:4b9c16a807b17b17c4fa3a1d8c242467237be67ba92ad24ff51425329e7ae3d0"},
    {file = "regex-2022.3.2-cp38-cp38-macosx_10_9_x86_64.whl", hash = "sha256:67250b36edfa714ba62dc62d3f238e86db1065fccb538278804790f578253640"},
    {file = "regex-2022.3.2-cp38-cp38-macosx_11_0_arm64.whl", hash = "sha256:5510932596a0f33399b7fff1bd61c59c977f2b8ee987b36539ba97eb3513584a"},
    {file = "regex-2022.3.2-cp38-cp38-manylinux_2_17_aarch64.manylinux2014_aarch64.whl", hash = "sha256:f6f7ee2289176cb1d2c59a24f50900f8b9580259fa9f1a739432242e7d254f93"},
    {file = "regex-2022.3.2-cp38-cp38-manylinux_2_17_ppc64le.manylinux2014_ppc64le.whl", hash = "sha256:86d7a68fa53688e1f612c3246044157117403c7ce19ebab7d02daf45bd63913e"},
    {file = "regex-2022.3.2-cp38-cp38-manylinux_2_17_s390x.manylinux2014_s390x.whl", hash = "sha256:aaf5317c961d93c1a200b9370fb1c6b6836cc7144fef3e5a951326912bf1f5a3"},
    {file = "regex-2022.3.2-cp38-cp38-manylinux_2_17_x86_64.manylinux2014_x86_64.whl", hash = "sha256:ad397bc7d51d69cb07ef89e44243f971a04ce1dca9bf24c992c362406c0c6573"},
    {file = "regex-2022.3.2-cp38-cp38-manylinux_2_5_i686.manylinux1_i686.manylinux_2_17_i686.manylinux2014_i686.whl", hash = "sha256:297c42ede2c81f0cb6f34ea60b5cf6dc965d97fa6936c11fc3286019231f0d66"},
    {file = "regex-2022.3.2-cp38-cp38-manylinux_2_5_x86_64.manylinux1_x86_64.manylinux_2_12_x86_64.manylinux2010_x86_64.whl", hash = "sha256:af4d8cc28e4c7a2f6a9fed544228c567340f8258b6d7ea815b62a72817bbd178"},
    {file = "regex-2022.3.2-cp38-cp38-musllinux_1_1_aarch64.whl", hash = "sha256:452519bc4c973e961b1620c815ea6dd8944a12d68e71002be5a7aff0a8361571"},
    {file = "regex-2022.3.2-cp38-cp38-musllinux_1_1_i686.whl", hash = "sha256:cb34c2d66355fb70ae47b5595aafd7218e59bb9c00ad8cc3abd1406ca5874f07"},
    {file = "regex-2022.3.2-cp38-cp38-musllinux_1_1_ppc64le.whl", hash = "sha256:3d146e5591cb67c5e836229a04723a30af795ef9b70a0bbd913572e14b7b940f"},
    {file = "regex-2022.3.2-cp38-cp38-musllinux_1_1_s390x.whl", hash = "sha256:03299b0bcaa7824eb7c0ebd7ef1e3663302d1b533653bfe9dc7e595d453e2ae9"},
    {file = "regex-2022.3.2-cp38-cp38-musllinux_1_1_x86_64.whl", hash = "sha256:9ccb0a4ab926016867260c24c192d9df9586e834f5db83dfa2c8fffb3a6e5056"},
    {file = "regex-2022.3.2-cp38-cp38-win32.whl", hash = "sha256:f7e8f1ee28e0a05831c92dc1c0c1c94af5289963b7cf09eca5b5e3ce4f8c91b0"},
    {file = "regex-2022.3.2-cp38-cp38-win_amd64.whl", hash = "sha256:35ed2f3c918a00b109157428abfc4e8d1ffabc37c8f9abc5939ebd1e95dabc47"},
    {file = "regex-2022.3.2-cp39-cp39-macosx_10_9_x86_64.whl", hash = "sha256:55820bc631684172b9b56a991d217ec7c2e580d956591dc2144985113980f5a3"},
    {file = "regex-2022.3.2-cp39-cp39-macosx_11_0_arm64.whl", hash = "sha256:83f03f0bd88c12e63ca2d024adeee75234d69808b341e88343b0232329e1f1a1"},
    {file = "regex-2022.3.2-cp39-cp39-manylinux_2_17_aarch64.manylinux2014_aarch64.whl", hash = "sha256:42d6007722d46bd2c95cce700181570b56edc0dcbadbfe7855ec26c3f2d7e008"},
    {file = "regex-2022.3.2-cp39-cp39-manylinux_2_17_ppc64le.manylinux2014_ppc64le.whl", hash = "sha256:320c2f4106962ecea0f33d8d31b985d3c185757c49c1fb735501515f963715ed"},
    {file = "regex-2022.3.2-cp39-cp39-manylinux_2_17_s390x.manylinux2014_s390x.whl", hash = "sha256:fbd3fe37353c62fd0eb19fb76f78aa693716262bcd5f9c14bb9e5aca4b3f0dc4"},
    {file = "regex-2022.3.2-cp39-cp39-manylinux_2_17_x86_64.manylinux2014_x86_64.whl", hash = "sha256:17e51ad1e6131c496b58d317bc9abec71f44eb1957d32629d06013a21bc99cac"},
    {file = "regex-2022.3.2-cp39-cp39-manylinux_2_5_i686.manylinux1_i686.manylinux_2_17_i686.manylinux2014_i686.whl", hash = "sha256:72bc3a5effa5974be6d965ed8301ac1e869bc18425c8a8fac179fbe7876e3aee"},
    {file = "regex-2022.3.2-cp39-cp39-manylinux_2_5_x86_64.manylinux1_x86_64.manylinux_2_12_x86_64.manylinux2010_x86_64.whl", hash = "sha256:e5602a9b5074dcacc113bba4d2f011d2748f50e3201c8139ac5b68cf2a76bd8b"},
    {file = "regex-2022.3.2-cp39-cp39-musllinux_1_1_aarch64.whl", hash = "sha256:729aa8ca624c42f309397c5fc9e21db90bf7e2fdd872461aabdbada33de9063c"},
    {file = "regex-2022.3.2-cp39-cp39-musllinux_1_1_i686.whl", hash = "sha256:d6ecfd1970b3380a569d7b3ecc5dd70dba295897418ed9e31ec3c16a5ab099a5"},
    {file = "regex-2022.3.2-cp39-cp39-musllinux_1_1_ppc64le.whl", hash = "sha256:13bbf0c9453c6d16e5867bda7f6c0c7cff1decf96c5498318bb87f8136d2abd4"},
    {file = "regex-2022.3.2-cp39-cp39-musllinux_1_1_s390x.whl", hash = "sha256:58ba41e462653eaf68fc4a84ec4d350b26a98d030be1ab24aba1adcc78ffe447"},
    {file = "regex-2022.3.2-cp39-cp39-musllinux_1_1_x86_64.whl", hash = "sha256:c0446b2871335d5a5e9fcf1462f954586b09a845832263db95059dcd01442015"},
    {file = "regex-2022.3.2-cp39-cp39-win32.whl", hash = "sha256:20e6a27959f162f979165e496add0d7d56d7038237092d1aba20b46de79158f1"},
    {file = "regex-2022.3.2-cp39-cp39-win_amd64.whl", hash = "sha256:9efa41d1527b366c88f265a227b20bcec65bda879962e3fc8a2aee11e81266d7"},
    {file = "regex-2022.3.2.tar.gz", hash = "sha256:79e5af1ff258bc0fe0bdd6f69bc4ae33935a898e3cbefbbccf22e88a27fa053b"},
]
six = [
    {file = "six-1.16.0-py2.py3-none-any.whl", hash = "sha256:8abb2f1d86890a2dfb989f9a77cfcfd3e47c2a354b01111771326f8aa26e0254"},
    {file = "six-1.16.0.tar.gz", hash = "sha256:1e61c37477a1626458e36f7b1d82aa5c9b094fa4802892072e49de9c60c4c926"},
]
sniffio = [
    {file = "sniffio-1.3.0-py3-none-any.whl", hash = "sha256:eecefdce1e5bbfb7ad2eeaabf7c1eeb404d7757c379bd1f7e5cce9d8bf425384"},
    {file = "sniffio-1.3.0.tar.gz", hash = "sha256:e60305c5e5d314f5389259b7f22aaa33d8f7dee49763119234af3755c55b9101"},
]
starlette = [
    {file = "starlette-0.21.0-py3-none-any.whl", hash = "sha256:0efc058261bbcddeca93cad577efd36d0c8a317e44376bcfc0e097a2b3dc24a7"},
    {file = "starlette-0.21.0.tar.gz", hash = "sha256:b1b52305ee8f7cfc48cde383496f7c11ab897cd7112b33d998b1317dc8ef9027"},
]
tortoise-orm = [
    {file = "tortoise-orm-0.19.2.tar.gz", hash = "sha256:bff4d79abfca7fb805972bb2438e8e0cd2e6590bc2cfd7593a803518a027bbf0"},
    {file = "tortoise_orm-0.19.2-py3-none-any.whl", hash = "sha256:a99b8c9f42d5cd49493c70471b5c9a5df8ecf49cc624f2f41b9dc75bba993ac5"},
]
typing-extensions = [
    {file = "typing_extensions-4.4.0-py3-none-any.whl", hash = "sha256:16fa4864408f655d35ec496218b85f79b3437c829e93320c7c9215ccfd92489e"},
    {file = "typing_extensions-4.4.0.tar.gz", hash = "sha256:1511434bb92bf8dd198c12b1cc812e800d4181cfcb867674e0f8279cc93087aa"},
]
tzdata = [
    {file = "tzdata-2022.6-py2.py3-none-any.whl", hash = "sha256:04a680bdc5b15750c39c12a448885a51134a27ec9af83667663f0b3a1bf3f342"},
    {file = "tzdata-2022.6.tar.gz", hash = "sha256:91f11db4503385928c15598c98573e3af07e7229181bee5375bd30f1695ddcae"},
]
tzlocal = [
    {file = "tzlocal-4.2-py3-none-any.whl", hash = "sha256:89885494684c929d9191c57aa27502afc87a579be5cdd3225c77c463ea043745"},
    {file = "tzlocal-4.2.tar.gz", hash = "sha256:ee5842fa3a795f023514ac2d801c4a81d1743bbe642e3940143326b3a00addd7"},
]
uvicorn = [
    {file = "uvicorn-0.19.0-py3-none-any.whl", hash = "sha256:cc277f7e73435748e69e075a721841f7c4a95dba06d12a72fe9874acced16f6f"},
    {file = "uvicorn-0.19.0.tar.gz", hash = "sha256:cf538f3018536edb1f4a826311137ab4944ed741d52aeb98846f52215de57f25"},
]
